
Microsoft Visual Studio Solution File, Format Version 12.00
# Visual Studio 15
VisualStudioVersion = 15.0.27130.2036
MinimumVisualStudioVersion = 10.0.40219.1
Project("{FAE04EC0-301F-11D3-BF4B-00C04F79EFBC}") = "SalesManagement", "SalesManagement\SalesManagement.csproj", "{E5202580-7CDA-40E2-A052-AB2948E7B44E}"
EndProject
Global
	GlobalSection(SolutionConfigurationPlatforms) = preSolution
		Debug|Any CPU = Debug|Any CPU
		Release|Any CPU = Release|Any CPU
	EndGlobalSection
	GlobalSection(ProjectConfigurationPlatforms) = postSolution
		{E5202580-7CDA-40E2-A052-AB2948E7B44E}.Debug|Any CPU.ActiveCfg = Debug|Any CPU
		{E5202580-7CDA-40E2-A052-AB2948E7B44E}.Debug|Any CPU.Build.0 = Debug|Any CPU
		{E5202580-7CDA-40E2-A052-AB2948E7B44E}.Release|Any CPU.ActiveCfg = Release|Any CPU
		{E5202580-7CDA-40E2-A052-AB2948E7B44E}.Release|Any CPU.Build.0 = Release|Any CPU
	EndGlobalSection
	GlobalSection(SolutionProperties) = preSolution
		HideSolutionNode = FALSE
	EndGlobalSection
	GlobalSection(ExtensibilityGlobals) = postSolution
		SolutionGuid = {9F70E5DE-460E-4BEC-B0D5-9E52A9EB4439}
	EndGlobalSection
EndGlobal
